# THIS IS AN AUTOGENERATED FILE. DO NOT EDIT THIS FILE DIRECTLY.
# yarn lockfile v1


async@1.5.2:
  version "1.5.2"
  resolved "https://registry.yarnpkg.com/async/-/async-1.5.2.tgz#ec6a61ae56480c0c3cb241c95618e20892f9672a"
  integrity sha1-7GphrlZIDAw8skHJVhjiCJL5Zyo=

cache-manager@^2.10.0:
  version "2.10.0"
  resolved "https://registry.yarnpkg.com/cache-manager/-/cache-manager-2.10.0.tgz#278e9f8784e5d7e6617bfe350358c8ccd17387bf"
  integrity sha512-IuPx05r5L0uZyBDYicB2Llld1o+/1WYjoHUnrC0TNQejMAnkoYxYS9Y8Uwr+lIBytDiyu7dwwmBCup2M9KugwQ==
  dependencies:
    async "1.5.2"
    lru-cache "4.0.0"

lru-cache@4.0.0:
  version "4.0.0"
  resolved "https://registry.yarnpkg.com/lru-cache/-/lru-cache-4.0.0.tgz#b5cbf01556c16966febe54ceec0fb4dc90df6c28"
  integrity sha1-tcvwFVbBaWb+vlTO7A+03JDfbCg=
  dependencies:
    pseudomap "^1.0.1"
    yallist "^2.0.0"

pseudomap@^1.0.1:
  version "1.0.2"
  resolved "https://registry.yarnpkg.com/pseudomap/-/pseudomap-1.0.2.tgz#f052a28da70e618917ef0a8ac34c1ae5a68286b3"
  integrity sha1-8FKijacOYYkX7wqKw0wa5aaChrM=

yallist@^2.0.0:
  version "2.1.2"
  resolved "https://registry.yarnpkg.com/yallist/-/yallist-2.1.2.tgz#1c11f9218f076089a47dd512f93c6699a6a81d52"
  integrity sha1-HBH5IY8HYImkfdUS+TxmmaaoHVI=
